
Microsoft Visual Studio Solution File, Format Version 12.00
# Visual Studio Version 16
VisualStudioVersion = 16.0.32602.291
MinimumVisualStudioVersion = 10.0.40219.1
Project("{FAE04EC0-301F-11D3-BF4B-00C04F79EFBC}") = "GamePart-2", "GamePart-2.csproj", "{0DF807C3-0D06-4FAD-97B9-93CECC286AB1}"
EndProject
Global
	GlobalSection(SolutionConfigurationPlatforms) = preSolution
		Debug|Any CPU = Debug|Any CPU
		Release|Any CPU = Release|Any CPU
	EndGlobalSection
	GlobalSection(ProjectConfigurationPlatforms) = postSolution
		{0DF807C3-0D06-4FAD-97B9-93CECC286AB1}.Debug|Any CPU.ActiveCfg = Debug|Any CPU
		{0DF807C3-0D06-4FAD-97B9-93CECC286AB1}.Debug|Any CPU.Build.0 = Debug|Any CPU
		{0DF807C3-0D06-4FAD-97B9-93CECC286AB1}.Release|Any CPU.ActiveCfg = Release|Any CPU
		{0DF807C3-0D06-4FAD-97B9-93CECC286AB1}.Release|Any CPU.Build.0 = Release|Any CPU
	EndGlobalSection
	GlobalSection(SolutionProperties) = preSolution
		HideSolutionNode = FALSE
	EndGlobalSection
	GlobalSection(ExtensibilityGlobals) = postSolution
		SolutionGuid = {76F40AA4-147C-49B1-A095-3E673018EB86}
	EndGlobalSection
EndGlobal
